// !$*UTF8*$!
{
	archiveVersion = 1;
	classes = {
	};
	objectVersion = 56;
	objects = {

/* Begin PBXBuildFile section */
		25D4E8FE2B523DC500996F13 /* AppDelegate.swift in Sources */ = {isa = PBXBuildFile; fileRef = 25D4E8FD2B523DC500996F13 /* AppDelegate.swift */; };
		25D4E9002B523DC500996F13 /* SceneDelegate.swift in Sources */ = {isa = PBXBuildFile; fileRef = 25D4E8FF2B523DC500996F13 /* SceneDelegate.swift */; };
		25D4E9022B523DC500996F13 /* ViewController.swift in Sources */ = {isa = PBXBuildFile; fileRef = 25D4E9012B523DC500996F13 /* ViewController.swift */; };
		25D4E9052B523DC500996F13 /* Main.storyboard in Resources */ = {isa = PBXBuildFile; fileRef = 25D4E9032B523DC500996F13 /* Main.storyboard */; };
		25D4E9082B523DC500996F13 /* DataCompressed.xcdatamodeld in Sources */ = {isa = PBXBuildFile; fileRef = 25D4E9062B523DC500996F13 /* DataCompressed.xcdatamodeld */; };
		25D4E90A2B523DC600996F13 /* Assets.xcassets in Resources */ = {isa = PBXBuildFile; fileRef = 25D4E9092B523DC600996F13 /* Assets.xcassets */; };
		25D4E90D2B523DC600996F13 /* LaunchScreen.storyboard in Resources */ = {isa = PBXBuildFile; fileRef = 25D4E90B2B523DC600996F13 /* LaunchScreen.storyboard */; };
		25D4E9182B523DC700996F13 /* DataCompressedTests.swift in Sources */ = {isa = PBXBuildFile; fileRef = 25D4E9172B523DC700996F13 /* DataCompressedTests.swift */; };
		25D4E9222B523DC700996F13 /* DataCompressedUITests.swift in Sources */ = {isa = PBXBuildFile; fileRef = 25D4E9212B523DC700996F13 /* DataCompressedUITests.swift */; };
		25D4E9242B523DC700996F13 /* DataCompressedUITestsLaunchTests.swift in Sources */ = {isa = PBXBuildFile; fileRef = 25D4E9232B523DC700996F13 /* DataCompressedUITestsLaunchTests.swift */; };
/* End PBXBuildFile section */

/* Begin PBXContainerItemProxy section */
		25D4E9142B523DC700996F13 /* PBXContainerItemProxy */ = {
			isa = PBXContainerItemProxy;
			containerPortal = 25D4E8F22B523DC500996F13 /* Project object */;
			proxyType = 1;
			remoteGlobalIDString = 25D4E8F92B523DC500996F13;
			remoteInfo = DataCompressed;
		};
		25D4E91E2B523DC700996F13 /* PBXContainerItemProxy */ = {
			isa = PBXContainerItemProxy;
			containerPortal = 25D4E8F22B523DC500996F13 /* Project object */;
			proxyType = 1;
			remoteGlobalIDString = 25D4E8F92B523DC500996F13;
			remoteInfo = DataCompressed;
		};
/* End PBXContainerItemProxy section */

/* Begin PBXFileReference section */
		25D4E8FA2B523DC500996F13 /* DataCompressed.app */ = {isa = PBXFileReference; explicitFileType = wrapper.application; includeInIndex = 0; path = DataCompressed.app; sourceTree = BUILT_PRODUCTS_DIR; };
		25D4E8FD2B523DC500996F13 /* AppDelegate.swift */ = {isa = PBXFileReference; lastKnownFileType = sourcecode.swift; path = AppDelegate.swift; sourceTree = "<group>"; };
		25D4E8FF2B523DC500996F13 /* SceneDelegate.swift */ = {isa = PBXFileReference; lastKnownFileType = sourcecode.swift; path = SceneDelegate.swift; sourceTree = "<group>"; };
		25D4E9012B523DC500996F13 /* ViewController.swift */ = {isa = PBXFileReference; lastKnownFileType = sourcecode.swift; path = ViewController.swift; sourceTree = "<group>"; };
		25D4E9042B523DC500996F13 /* Base */ = {isa = PBXFileReference; lastKnownFileType = file.storyboard; name = Base; path = Base.lproj/Main.storyboard; sourceTree = "<group>"; };
		25D4E9072B523DC500996F13 /* DataCompressed.xcdatamodel */ = {isa = PBXFileReference; lastKnownFileType = wrapper.xcdatamodel; path = DataCompressed.xcdatamodel; sourceTree = "<group>"; };
		25D4E9092B523DC600996F13 /* Assets.xcassets */ = {isa = PBXFileReference; lastKnownFileType = folder.assetcatalog; path = Assets.xcassets; sourceTree = "<group>"; };
		25D4E90C2B523DC600996F13 /* Base */ = {isa = PBXFileReference; lastKnownFileType = file.storyboard; name = Base; path = Base.lproj/LaunchScreen.storyboard; sourceTree = "<group>"; };
		25D4E90E2B523DC600996F13 /* Info.plist */ = {isa = PBXFileReference; lastKnownFileType = text.plist.xml; path = Info.plist; sourceTree = "<group>"; };
		25D4E9132B523DC700996F13 /* DataCompressedTests.xctest */ = {isa = PBXFileReference; explicitFileType = wrapper.cfbundle; includeInIndex = 0; path = DataCompressedTests.xctest; sourceTree = BUILT_PRODUCTS_DIR; };
		25D4E9172B523DC700996F13 /* DataCompressedTests.swift */ = {isa = PBXFileReference; lastKnownFileType = sourcecode.swift; path = DataCompressedTests.swift; sourceTree = "<group>"; };
		25D4E91D2B523DC700996F13 /* DataCompressedUITests.xctest */ = {isa = PBXFileReference; explicitFileType = wrapper.cfbundle; includeInIndex = 0; path = DataCompressedUITests.xctest; sourceTree = BUILT_PRODUCTS_DIR; };
		25D4E9212B523DC700996F13 /* DataCompressedUITests.swift */ = {isa = PBXFileReference; lastKnownFileType = sourcecode.swift; path = DataCompressedUITests.swift; sourceTree = "<group>"; };
		25D4E9232B523DC700996F13 /* DataCompressedUITestsLaunchTests.swift */ = {isa = PBXFileReference; lastKnownFileType = sourcecode.swift; path = DataCompressedUITestsLaunchTests.swift; sourceTree = "<group>"; };
/* End PBXFileReference section */

/* Begin PBXFrameworksBuildPhase section */
		25D4E8F72B523DC500996F13 /* Frameworks */ = {
			isa = PBXFrameworksBuildPhase;
			buildActionMask = 2147483647;
			files = (
			);
			runOnlyForDeploymentPostprocessing = 0;
		};
		25D4E9102B523DC700996F13 /* Frameworks */ = {
			isa = PBXFrameworksBuildPhase;
			buildActionMask = 2147483647;
			files = (
			);
			runOnlyForDeploymentPostprocessing = 0;
		};
		25D4E91A2B523DC700996F13 /* Frameworks */ = {
			isa = PBXFrameworksBuildPhase;
			buildActionMask = 2147483647;
			files = (
			);
			runOnlyForDeploymentPostprocessing = 0;
		};
/* End PBXFrameworksBuildPhase section */

/* Begin PBXGroup section */
		25D4E8F12B523DC500996F13 = {
			isa = PBXGroup;
			children = (
				25D4E8FC2B523DC500996F13 /* DataCompressed */,
				25D4E9162B523DC700996F13 /* DataCompressedTests */,
				25D4E9202B523DC700996F13 /* DataCompressedUITests */,
				25D4E8FB2B523DC500996F13 /* Products */,
			);
			sourceTree = "<group>";
		};
		25D4E8FB2B523DC500996F13 /* Products */ = {
			isa = PBXGroup;
			children = (
				25D4E8FA2B523DC500996F13 /* DataCompressed.app */,
				25D4E9132B523DC700996F13 /* DataCompressedTests.xctest */,
				25D4E91D2B523DC700996F13 /* DataCompressedUITests.xctest */,
			);
			name = Products;
			sourceTree = "<group>";
		};
		25D4E8FC2B523DC500996F13 /* DataCompressed */ = {
			isa = PBXGroup;
			children = (
				25D4E8FD2B523DC500996F13 /* AppDelegate.swift */,
				25D4E8FF2B523DC500996F13 /* SceneDelegate.swift */,
				25D4E9012B523DC500996F13 /* ViewController.swift */,
				25D4E9032B523DC500996F13 /* Main.storyboard */,
				25D4E9092B523DC600996F13 /* Assets.xcassets */,
				25D4E90B2B523DC600996F13 /* LaunchScreen.storyboard */,
				25D4E90E2B523DC600996F13 /* Info.plist */,
				25D4E9062B523DC500996F13 /* DataCompressed.xcdatamodeld */,
			);
			path = DataCompressed;
			sourceTree = "<group>";
		};
		25D4E9162B523DC700996F13 /* DataCompressedTests */ = {
			isa = PBXGroup;
			children = (
				25D4E9172B523DC700996F13 /* DataCompressedTests.swift */,
			);
			path = DataCompressedTests;
			sourceTree = "<group>";
		};
		25D4E9202B523DC700996F13 /* DataCompressedUITests */ = {
			isa = PBXGroup;
			children = (
				25D4E9212B523DC700996F13 /* DataCompressedUITests.swift */,
				25D4E9232B523DC700996F13 /* DataCompressedUITestsLaunchTests.swift */,
			);
			path = DataCompressedUITests;
			sourceTree = "<group>";
		};
/* End PBXGroup section */

/* Begin PBXNativeTarget section */
		25D4E8F92B523DC500996F13 /* DataCompressed */ = {
			isa = PBXNativeTarget;
			buildConfigurationList = 25D4E9272B523DC700996F13 /* Build configuration list for PBXNativeTarget "DataCompressed" */;
			buildPhases = (
				25D4E8F62B523DC500996F13 /* Sources */,
				25D4E8F72B523DC500996F13 /* Frameworks */,
				25D4E8F82B523DC500996F13 /* Resources */,
			);
			buildRules = (
			);
			dependencies = (
			);
			name = DataCompressed;
			productName = DataCompressed;
			productReference = 25D4E8FA2B523DC500996F13 /* DataCompressed.app */;
			productType = "com.apple.product-type.application";
		};
		25D4E9122B523DC700996F13 /* DataCompressedTests */ = {
			isa = PBXNativeTarget;
			buildConfigurationList = 25D4E92A2B523DC700996F13 /* Build configuration list for PBXNativeTarget "DataCompressedTests" */;
			buildPhases = (
				25D4E90F2B523DC700996F13 /* Sources */,
				25D4E9102B523DC700996F13 /* Frameworks */,
				25D4E9112B523DC700996F13 /* Resources */,
			);
			buildRules = (
			);
			dependencies = (
				25D4E9152B523DC700996F13 /* PBXTargetDependency */,
			);
			name = DataCompressedTests;
			productName = DataCompressedTests;
			productReference = 25D4E9132B523DC700996F13 /* DataCompressedTests.xctest */;
			productType = "com.apple.product-type.bundle.unit-test";
		};
		25D4E91C2B523DC700996F13 /* DataCompressedUITests */ = {
			isa = PBXNativeTarget;
			buildConfigurationList = 25D4E92D2B523DC700996F13 /* Build configuration list for PBXNativeTarget "DataCompressedUITests" */;
			buildPhases = (
				25D4E9192B523DC700996F13 /* Sources */,
				25D4E91A2B523DC700996F13 /* Frameworks */,
				25D4E91B2B523DC700996F13 /* Resources */,
			);
			buildRules = (
			);
			dependencies = (
				25D4E91F2B523DC700996F13 /* PBXTargetDependency */,
			);
			name = DataCompressedUITests;
			productName = DataCompressedUITests;
			productReference = 25D4E91D2B523DC700996F13 /* DataCompressedUITests.xctest */;
			productType = "com.apple.product-type.bundle.ui-testing";
		};
/* End PBXNativeTarget section */

/* Begin PBXProject section */
		25D4E8F22B523DC500996F13 /* Project object */ = {
			isa = PBXProject;
			attributes = {
				BuildIndependentTargetsInParallel = 1;
				LastSwiftUpdateCheck = 1500;
				LastUpgradeCheck = 1500;
				TargetAttributes = {
					25D4E8F92B523DC500996F13 = {
						CreatedOnToolsVersion = 15.0.1;
					};
					25D4E9122B523DC700996F13 = {
						CreatedOnToolsVersion = 15.0.1;
						TestTargetID = 25D4E8F92B523DC500996F13;
					};
					25D4E91C2B523DC700996F13 = {
						CreatedOnToolsVersion = 15.0.1;
						TestTargetID = 25D4E8F92B523DC500996F13;
					};
				};
			};
			buildConfigurationList = 25D4E8F52B523DC500996F13 /* Build configuration list for PBXProject "DataCompressed" */;
			compatibilityVersion = "Xcode 14.0";
			developmentRegion = en;
			hasScannedForEncodings = 0;
			knownRegions = (
				en,
				Base,
			);
			mainGroup = 25D4E8F12B523DC500996F13;
			productRefGroup = 25D4E8FB2B523DC500996F13 /* Products */;
			projectDirPath = "";
			projectRoot = "";
			targets = (
				25D4E8F92B523DC500996F13 /* DataCompressed */,
				25D4E9122B523DC700996F13 /* DataCompressedTests */,
				25D4E91C2B523DC700996F13 /* DataCompressedUITests */,
			);
		};
/* End PBXProject section */

/* Begin PBXResourcesBuildPhase section */
		25D4E8F82B523DC500996F13 /* Resources */ = {
			isa = PBXResourcesBuildPhase;
			buildActionMask = 2147483647;
			files = (
				25D4E90D2B523DC600996F13 /* LaunchScreen.storyboard in Resources */,
				25D4E90A2B523DC600996F13 /* Assets.xcassets in Resources */,
				25D4E9052B523DC500996F13 /* Main.storyboard in Resources */,
			);
			runOnlyForDeploymentPostprocessing = 0;
		};
		25D4E9112B523DC700996F13 /* Resources */ = {
			isa = PBXResourcesBuildPhase;
			buildActionMask = 2147483647;
			files = (
			);
			runOnlyForDeploymentPostprocessing = 0;
		};
		25D4E91B2B523DC700996F13 /* Resources */ = {
			isa = PBXResourcesBuildPhase;
			buildActionMask = 2147483647;
			files = (
			);
			runOnlyForDeploymentPostprocessing = 0;
		};
/* End PBXResourcesBuildPhase section */

/* Begin PBXSourcesBuildPhase section */
		25D4E8F62B523DC500996F13 /* Sources */ = {
			isa = PBXSourcesBuildPhase;
			buildActionMask = 2147483647;
			files = (
				25D4E9022B523DC500996F13 /* ViewController.swift in Sources */,
				25D4E8FE2B523DC500996F13 /* AppDelegate.swift in Sources */,
				25D4E9082B523DC500996F13 /* DataCompressed.xcdatamodeld in Sources */,
				25D4E9002B523DC500996F13 /* SceneDelegate.swift in Sources */,
			);
			runOnlyForDeploymentPostprocessing = 0;
		};
		25D4E90F2B523DC700996F13 /* Sources */ = {
			isa = PBXSourcesBuildPhase;
			buildActionMask = 2147483647;
			files = (
				25D4E9182B523DC700996F13 /* DataCompressedTests.swift in Sources */,
			);
			runOnlyForDeploymentPostprocessing = 0;
		};
		25D4E9192B523DC700996F13 /* Sources */ = {
			isa = PBXSourcesBuildPhase;
			buildActionMask = 2147483647;
			files = (
				25D4E9222B523DC700996F13 /* DataCompressedUITests.swift in Sources */,
				25D4E9242B523DC700996F13 /* DataCompressedUITestsLaunchTests.swift in Sources */,
			);
			runOnlyForDeploymentPostprocessing = 0;
		};
/* End PBXSourcesBuildPhase section */

/* Begin PBXTargetDependency section */
		25D4E9152B523DC700996F13 /* PBXTargetDependency */ = {
			isa = PBXTargetDependency;
			target = 25D4E8F92B523DC500996F13 /* DataCompressed */;
			targetProxy = 25D4E9142B523DC700996F13 /* PBXContainerItemProxy */;
		};
		25D4E91F2B523DC700996F13 /* PBXTargetDependency */ = {
			isa = PBXTargetDependency;
			target = 25D4E8F92B523DC500996F13 /* DataCompressed */;
			targetProxy = 25D4E91E2B523DC700996F13 /* PBXContainerItemProxy */;
		};
/* End PBXTargetDependency section */

/* Begin PBXVariantGroup section */
		25D4E9032B523DC500996F13 /* Main.storyboard */ = {
			isa = PBXVariantGroup;
			children = (
				25D4E9042B523DC500996F13 /* Base */,
			);
			name = Main.storyboard;
			sourceTree = "<group>";
		};
		25D4E90B2B523DC600996F13 /* LaunchScreen.storyboard */ = {
			isa = PBXVariantGroup;
			children = (
				25D4E90C2B523DC600996F13 /* Base */,
			);
			name = LaunchScreen.storyboard;
			sourceTree = "<group>";
		};
/* End PBXVariantGroup section */

/* Begin XCBuildConfiguration section */
		25D4E9252B523DC700996F13 /* Debug */ = {
			isa = XCBuildConfiguration;
			buildSettings = {
				ALWAYS_SEARCH_USER_PATHS = NO;
				ASSETCATALOG_COMPILER_GENERATE_SWIFT_ASSET_SYMBOL_EXTENSIONS = YES;
				CLANG_ANALYZER_NONNULL = YES;
				CLANG_ANALYZER_NUMBER_OBJECT_CONVERSION = YES_AGGRESSIVE;
				CLANG_CXX_LANGUAGE_STANDARD = "gnu++20";
				CLANG_ENABLE_MODULES = YES;
				CLANG_ENABLE_OBJC_ARC = YES;
				CLANG_ENABLE_OBJC_WEAK = YES;
				CLANG_WARN_BLOCK_CAPTURE_AUTORELEASING = YES;
				CLANG_WARN_BOOL_CONVERSION = YES;
				CLANG_WARN_COMMA = YES;
				CLANG_WARN_CONSTANT_CONVERSION = YES;
				CLANG_WARN_DEPRECATED_OBJC_IMPLEMENTATIONS = YES;
				CLANG_WARN_DIRECT_OBJC_ISA_USAGE = YES_ERROR;
				CLANG_WARN_DOCUMENTATION_COMMENTS = YES;
				CLANG_WARN_EMPTY_BODY = YES;
				CLANG_WARN_ENUM_CONVERSION = YES;
				CLANG_WARN_INFINITE_RECURSION = YES;
				CLANG_WARN_INT_CONVERSION = YES;
				CLANG_WARN_NON_LITERAL_NULL_CONVERSION = YES;
				CLANG_WARN_OBJC_IMPLICIT_RETAIN_SELF = YES;
				CLANG_WARN_OBJC_LITERAL_CONVERSION = YES;
				CLANG_WARN_OBJC_ROOT_CLASS = YES_ERROR;
				CLANG_WARN_QUOTED_INCLUDE_IN_FRAMEWORK_HEADER = YES;
				CLANG_WARN_RANGE_LOOP_ANALYSIS = YES;
				CLANG_WARN_STRICT_PROTOTYPES = YES;
				CLANG_WARN_SUSPICIOUS_MOVE = YES;
				CLANG_WARN_UNGUARDED_AVAILABILITY = YES_AGGRESSIVE;
				CLANG_WARN_UNREACHABLE_CODE = YES;
				CLANG_WARN__DUPLICATE_METHOD_MATCH = YES;
				COPY_PHASE_STRIP = NO;
				DEBUG_INFORMATION_FORMAT = dwarf;
				ENABLE_STRICT_OBJC_MSGSEND = YES;
				ENABLE_TESTABILITY = YES;
				ENABLE_USER_SCRIPT_SANDBOXING = YES;
				GCC_C_LANGUAGE_STANDARD = gnu17;
				GCC_DYNAMIC_NO_PIC = NO;
				GCC_NO_COMMON_BLOCKS = YES;
				GCC_OPTIMIZATION_LEVEL = 0;
				GCC_PREPROCESSOR_DEFINITIONS = (
					"DEBUG=1",
					"$(inherited)",
				);
				GCC_WARN_64_TO_32_BIT_CONVERSION = YES;
				GCC_WARN_ABOUT_RETURN_TYPE = YES_ERROR;
				GCC_WARN_UNDECLARED_SELECTOR = YES;
				GCC_WARN_UNINITIALIZED_AUTOS = YES_AGGRESSIVE;
				GCC_WARN_UNUSED_FUNCTION = YES;
				GCC_WARN_UNUSED_VARIABLE = YES;
				IPHONEOS_DEPLOYMENT_TARGET = 17.0;
				LOCALIZATION_PREFERS_STRING_CATALOGS = YES;
				MTL_ENABLE_DEBUG_INFO = INCLUDE_SOURCE;
				MTL_FAST_MATH = YES;
				ONLY_ACTIVE_ARCH = YES;
				SDKROOT = iphoneos;
				SWIFT_ACTIVE_COMPILATION_CONDITIONS = "DEBUG $(inherited)";
				SWIFT_OPTIMIZATION_LEVEL = "-Onone";
			};
			name = Debug;
		};
		25D4E9262B523DC700996F13 /* Release */ = {
			isa = XCBuildConfiguration;
			buildSettings = {
				ALWAYS_SEARCH_USER_PATHS = NO;
				ASSETCATALOG_COMPILER_GENERATE_SWIFT_ASSET_SYMBOL_EXTENSIONS = YES;
				CLANG_ANALYZER_NONNULL = YES;
				CLANG_ANALYZER_NUMBER_OBJECT_CONVERSION = YES_AGGRESSIVE;
				CLANG_CXX_LANGUAGE_STANDARD = "gnu++20";
				CLANG_ENABLE_MODULES = YES;
				CLANG_ENABLE_OBJC_ARC = YES;
				CLANG_ENABLE_OBJC_WEAK = YES;
				CLANG_WARN_BLOCK_CAPTURE_AUTORELEASING = YES;
				CLANG_WARN_BOOL_CONVERSION = YES;
				CLANG_WARN_COMMA = YES;
				CLANG_WARN_CONSTANT_CONVERSION = YES;
				CLANG_WARN_DEPRECATED_OBJC_IMPLEMENTATIONS = YES;
				CLANG_WARN_DIRECT_OBJC_ISA_USAGE = YES_ERROR;
				CLANG_WARN_DOCUMENTATION_COMMENTS = YES;
				CLANG_WARN_EMPTY_BODY = YES;
				CLANG_WARN_ENUM_CONVERSION = YES;
				CLANG_WARN_INFINITE_RECURSION = YES;
				CLANG_WARN_INT_CONVERSION = YES;
				CLANG_WARN_NON_LITERAL_NULL_CONVERSION = YES;
				CLANG_WARN_OBJC_IMPLICIT_RETAIN_SELF = YES;
				CLANG_WARN_OBJC_LITERAL_CONVERSION = YES;
				CLANG_WARN_OBJC_ROOT_CLASS = YES_ERROR;
				CLANG_WARN_QUOTED_INCLUDE_IN_FRAMEWORK_HEADER = YES;
				CLANG_WARN_RANGE_LOOP_ANALYSIS = YES;
				CLANG_WARN_STRICT_PROTOTYPES = YES;
				CLANG_WARN_SUSPICIOUS_MOVE = YES;
				CLANG_WARN_UNGUARDED_AVAILABILITY = YES_AGGRESSIVE;
				CLANG_WARN_UNREACHABLE_CODE = YES;
				CLANG_WARN__DUPLICATE_METHOD_MATCH = YES;
				COPY_PHASE_STRIP = NO;
				DEBUG_INFORMATION_FORMAT = "dwarf-with-dsym";
				ENABLE_NS_ASSERTIONS = NO;
				ENABLE_STRICT_OBJC_MSGSEND = YES;
				ENABLE_USER_SCRIPT_SANDBOXING = YES;
				GCC_C_LANGUAGE_STANDARD = gnu17;
				GCC_NO_COMMON_BLOCKS = YES;
				GCC_WARN_64_TO_32_BIT_CONVERSION = YES;
				GCC_WARN_ABOUT_RETURN_TYPE = YES_ERROR;
				GCC_WARN_UNDECLARED_SELECTOR = YES;
				GCC_WARN_UNINITIALIZED_AUTOS = YES_AGGRESSIVE;
				GCC_WARN_UNUSED_FUNCTION = YES;
				GCC_WARN_UNUSED_VARIABLE = YES;
				IPHONEOS_DEPLOYMENT_TARGET = 17.0;
				LOCALIZATION_PREFERS_STRING_CATALOGS = YES;
				MTL_ENABLE_DEBUG_INFO = NO;
				MTL_FAST_MATH = YES;
				SDKROOT = iphoneos;
				SWIFT_COMPILATION_MODE = wholemodule;
				VALIDATE_PRODUCT = YES;
			};
			name = Release;
		};
		25D4E9282B523DC700996F13 /* Debug */ = {
			isa = XCBuildConfiguration;
			buildSettings = {
				ASSETCATALOG_COMPILER_APPICON_NAME = AppIcon;
				ASSETCATALOG_COMPILER_GLOBAL_ACCENT_COLOR_NAME = AccentColor;
				CODE_SIGN_STYLE = Automatic;
				CURRENT_PROJECT_VERSION = 1;
				DEVELOPMENT_TEAM = V23C68N65J;
				GENERATE_INFOPLIST_FILE = YES;
				INFOPLIST_FILE = DataCompressed/Info.plist;
				INFOPLIST_KEY_UIApplicationSupportsIndirectInputEvents = YES;
				INFOPLIST_KEY_UILaunchStoryboardName = LaunchScreen;
				INFOPLIST_KEY_UIMainStoryboardFile = Main;
				INFOPLIST_KEY_UISupportedInterfaceOrientations_iPad = "UIInterfaceOrientationPortrait UIInterfaceOrientationPortraitUpsideDown UIInterfaceOrientationLandscapeLeft UIInterfaceOrientationLandscapeRight";
				INFOPLIST_KEY_UISupportedInterfaceOrientations_iPhone = "UIInterfaceOrientationPortrait UIInterfaceOrientationLandscapeLeft UIInterfaceOrientationLandscapeRight";
				LD_RUNPATH_SEARCH_PATHS = (
					"$(inherited)",
					"@executable_path/Frameworks",
				);
				MARKETING_VERSION = 1.0;
				PRODUCT_BUNDLE_IDENTIFIER = com.grozziie.DataCompressed;
				PRODUCT_NAME = "$(TARGET_NAME)";
				SWIFT_EMIT_LOC_STRINGS = YES;
				SWIFT_VERSION = 5.0;
				TARGETED_DEVICE_FAMILY = "1,2";
			};
			name = Debug;
		};
		25D4E9292B523DC700996F13 /* Release */ = {
			isa = XCBuildConfiguration;
			buildSettings = {
				ASSETCATALOG_COMPILER_APPICON_NAME = AppIcon;
				ASSETCATALOG_COMPILER_GLOBAL_ACCENT_COLOR_NAME = AccentColor;
				CODE_SIGN_STYLE = Automatic;
				CURRENT_PROJECT_VERSION = 1;
				DEVELOPMENT_TEAM = V23C68N65J;
				GENERATE_INFOPLIST_FILE = YES;
				INFOPLIST_FILE = DataCompressed/Info.plist;
				INFOPLIST_KEY_UIApplicationSupportsIndirectInputEvents = YES;
				INFOPLIST_KEY_UILaunchStoryboardName = LaunchScreen;
				INFOPLIST_KEY_UIMainStoryboardFile = Main;
				INFOPLIST_KEY_UISupportedInterfaceOrientations_iPad = "UIInterfaceOrientationPortrait UIInterfaceOrientationPortraitUpsideDown UIInterfaceOrientationLandscapeLeft UIInterfaceOrientationLandscapeRight";
				INFOPLIST_KEY_UISupportedInterfaceOrientations_iPhone = "UIInterfaceOrientationPortrait UIInterfaceOrientationLandscapeLeft UIInterfaceOrientationLandscapeRight";
				LD_RUNPATH_SEARCH_PATHS = (
					"$(inherited)",
					"@executable_path/Frameworks",
				);
				MARKETING_VERSION = 1.0;
				PRODUCT_BUNDLE_IDENTIFIER = com.grozziie.DataCompressed;
				PRODUCT_NAME = "$(TARGET_NAME)";
				SWIFT_EMIT_LOC_STRINGS = YES;
				SWIFT_VERSION = 5.0;
				TARGETED_DEVICE_FAMILY = "1,2";
			};
			name = Release;
		};
		25D4E92B2B523DC700996F13 /* Debug */ = {
			isa = XCBuildConfiguration;
			buildSettings = {
				ALWAYS_EMBED_SWIFT_STANDARD_LIBRARIES = YES;
				BUNDLE_LOADER = "$(TEST_HOST)";
				CODE_SIGN_STYLE = Automatic;
				CURRENT_PROJECT_VERSION = 1;
				DEVELOPMENT_TEAM = V23C68N65J;
				GENERATE_INFOPLIST_FILE = YES;
				IPHONEOS_DEPLOYMENT_TARGET = 17.0;
				MARKETING_VERSION = 1.0;
				PRODUCT_BUNDLE_IDENTIFIER = com.grozziie.DataCompressedTests;
				PRODUCT_NAME = "$(TARGET_NAME)";
				SWIFT_EMIT_LOC_STRINGS = NO;
				SWIFT_VERSION = 5.0;
				TARGETED_DEVICE_FAMILY = "1,2";
				TEST_HOST = "$(BUILT_PRODUCTS_DIR)/DataCompressed.app/$(BUNDLE_EXECUTABLE_FOLDER_PATH)/DataCompressed";
			};
			name = Debug;
		};
		25D4E92C2B523DC700996F13 /* Release */ = {
			isa = XCBuildConfiguration;
			buildSettings = {
				ALWAYS_EMBED_SWIFT_STANDARD_LIBRARIES = YES;
				BUNDLE_LOADER = "$(TEST_HOST)";
				CODE_SIGN_STYLE = Automatic;
				CURRENT_PROJECT_VERSION = 1;
				DEVELOPMENT_TEAM = V23C68N65J;
				GENERATE_INFOPLIST_FILE = YES;
				IPHONEOS_DEPLOYMENT_TARGET = 17.0;
				MARKETING_VERSION = 1.0;
				PRODUCT_BUNDLE_IDENTIFIER = com.grozziie.DataCompressedTests;
				PRODUCT_NAME = "$(TARGET_NAME)";
				SWIFT_EMIT_LOC_STRINGS = NO;
				SWIFT_VERSION = 5.0;
				TARGETED_DEVICE_FAMILY = "1,2";
				TEST_HOST = "$(BUILT_PRODUCTS_DIR)/DataCompressed.app/$(BUNDLE_EXECUTABLE_FOLDER_PATH)/DataCompressed";
			};
			name = Release;
		};
		25D4E92E2B523DC700996F13 /* Debug */ = {
			isa = XCBuildConfiguration;
			buildSettings = {
				ALWAYS_EMBED_SWIFT_STANDARD_LIBRARIES = YES;
				CODE_SIGN_STYLE = Automatic;
				CURRENT_PROJECT_VERSION = 1;
				DEVELOPMENT_TEAM = V23C68N65J;
				GENERATE_INFOPLIST_FILE = YES;
				MARKETING_VERSION = 1.0;
				PRODUCT_BUNDLE_IDENTIFIER = com.grozziie.DataCompressedUITests;
				PRODUCT_NAME = "$(TARGET_NAME)";
				SWIFT_EMIT_LOC_STRINGS = NO;
				SWIFT_VERSION = 5.0;
				TARGETED_DEVICE_FAMILY = "1,2";
				TEST_TARGET_NAME = DataCompressed;
			};
			name = Debug;
		};
		25D4E92F2B523DC700996F13 /* Release */ = {
			isa = XCBuildConfiguration;
			buildSettings = {
				ALWAYS_EMBED_SWIFT_STANDARD_LIBRARIES = YES;
				CODE_SIGN_STYLE = Automatic;
				CURRENT_PROJECT_VERSION = 1;
				DEVELOPMENT_TEAM = V23C68N65J;
				GENERATE_INFOPLIST_FILE = YES;
				MARKETING_VERSION = 1.0;
				PRODUCT_BUNDLE_IDENTIFIER = com.grozziie.DataCompressedUITests;
				PRODUCT_NAME = "$(TARGET_NAME)";
				SWIFT_EMIT_LOC_STRINGS = NO;
				SWIFT_VERSION = 5.0;
				TARGETED_DEVICE_FAMILY = "1,2";
				TEST_TARGET_NAME = DataCompressed;
			};
			name = Release;
		};
/* End XCBuildConfiguration section */

/* Begin XCConfigurationList section */
		25D4E8F52B523DC500996F13 /* Build configuration list for PBXProject "DataCompressed" */ = {
			isa = XCConfigurationList;
			buildConfigurations = (
				25D4E9252B523DC700996F13 /* Debug */,
				25D4E9262B523DC700996F13 /* Release */,
			);
			defaultConfigurationIsVisible = 0;
			defaultConfigurationName = Release;
		};
		25D4E9272B523DC700996F13 /* Build configuration list for PBXNativeTarget "DataCompressed" */ = {
			isa = XCConfigurationList;
			buildConfigurations = (
				25D4E9282B523DC700996F13 /* Debug */,
				25D4E9292B523DC700996F13 /* Release */,
			);
			defaultConfigurationIsVisible = 0;
			defaultConfigurationName = Release;
		};
		25D4E92A2B523DC700996F13 /* Build configuration list for PBXNativeTarget "DataCompressedTests" */ = {
			isa = XCConfigurationList;
			buildConfigurations = (
				25D4E92B2B523DC700996F13 /* Debug */,
				25D4E92C2B523DC700996F13 /* Release */,
			);
			defaultConfigurationIsVisible = 0;
			defaultConfigurationName = Release;
		};
		25D4E92D2B523DC700996F13 /* Build configuration list for PBXNativeTarget "DataCompressedUITests" */ = {
			isa = XCConfigurationList;
			buildConfigurations = (
				25D4E92E2B523DC700996F13 /* Debug */,
				25D4E92F2B523DC700996F13 /* Release */,
			);
			defaultConfigurationIsVisible = 0;
			defaultConfigurationName = Release;
		};
/* End XCConfigurationList section */

/* Begin XCVersionGroup section */
		25D4E9062B523DC500996F13 /* DataCompressed.xcdatamodeld */ = {
			isa = XCVersionGroup;
			children = (
				25D4E9072B523DC500996F13 /* DataCompressed.xcdatamodel */,
			);
			currentVersion = 25D4E9072B523DC500996F13 /* DataCompressed.xcdatamodel */;
			path = DataCompressed.xcdatamodeld;
			sourceTree = "<group>";
			versionGroupType = wrapper.xcdatamodel;
		};
/* End XCVersionGroup section */
	};
	rootObject = 25D4E8F22B523DC500996F13 /* Project object */;
}
